
Microsoft Visual Studio Solution File, Format Version 12.00
# Visual Studio Version 17
VisualStudioVersion = 17.4.33110.190
MinimumVisualStudioVersion = 10.0.40219.1
Project("{FAE04EC0-301F-11D3-BF4B-00C04F79EFBC}") = "GITTestNET", "GITTestNET\GITTestNET.csproj", "{7930CF31-7CF4-4482-9F20-0D723DDC55E2}"
EndProject
Global
	GlobalSection(SolutionConfigurationPlatforms) = preSolution
		Debug|Any CPU = Debug|Any CPU
		Release|Any CPU = Release|Any CPU
	EndGlobalSection
	GlobalSection(ProjectConfigurationPlatforms) = postSolution
		{7930CF31-7CF4-4482-9F20-0D723DDC55E2}.Debug|Any CPU.ActiveCfg = Debug|Any CPU
		{7930CF31-7CF4-4482-9F20-0D723DDC55E2}.Debug|Any CPU.Build.0 = Debug|Any CPU
		{7930CF31-7CF4-4482-9F20-0D723DDC55E2}.Release|Any CPU.ActiveCfg = Release|Any CPU
		{7930CF31-7CF4-4482-9F20-0D723DDC55E2}.Release|Any CPU.Build.0 = Release|Any CPU
	EndGlobalSection
	GlobalSection(SolutionProperties) = preSolution
		HideSolutionNode = FALSE
	EndGlobalSection
	GlobalSection(ExtensibilityGlobals) = postSolution
		SolutionGuid = {A84CB960-1161-4B8C-9786-E59B7C42F0FD}
	EndGlobalSection
EndGlobal
